
Microsoft Visual Studio Solution File, Format Version 12.00
# Visual Studio Version 17
VisualStudioVersion = 17.4.33213.308
MinimumVisualStudioVersion = 10.0.40219.1
Project("{FAE04EC0-301F-11D3-BF4B-00C04F79EFBC}") = "WebApplication_week5", "WebApplication_week5\WebApplication_week5.csproj", "{AF73D707-AC54-4CA0-89AF-D8F17B487DD5}"
EndProject
Global
	GlobalSection(SolutionConfigurationPlatforms) = preSolution
		Debug|Any CPU = Debug|Any CPU
		Release|Any CPU = Release|Any CPU
	EndGlobalSection
	GlobalSection(ProjectConfigurationPlatforms) = postSolution
		{AF73D707-AC54-4CA0-89AF-D8F17B487DD5}.Debug|Any CPU.ActiveCfg = Debug|Any CPU
		{AF73D707-AC54-4CA0-89AF-D8F17B487DD5}.Debug|Any CPU.Build.0 = Debug|Any CPU
		{AF73D707-AC54-4CA0-89AF-D8F17B487DD5}.Release|Any CPU.ActiveCfg = Release|Any CPU
		{AF73D707-AC54-4CA0-89AF-D8F17B487DD5}.Release|Any CPU.Build.0 = Release|Any CPU
	EndGlobalSection
	GlobalSection(SolutionProperties) = preSolution
		HideSolutionNode = FALSE
	EndGlobalSection
	GlobalSection(ExtensibilityGlobals) = postSolution
		SolutionGuid = {04C6656C-2C2A-49D9-B815-F6E71975F32E}
	EndGlobalSection
EndGlobal
